
Microsoft Visual Studio Solution File, Format Version 12.00
# Visual Studio Version 17
VisualStudioVersion = 17.14.36705.20
MinimumVisualStudioVersion = 10.0.40219.1
Project("{FAE04EC0-301F-11D3-BF4B-00C04F79EFBC}") = "ProductService", "ProductService\ProductService.csproj", "{DF1033D5-C1AC-4F35-B350-C1D832597476}"
EndProject
Project("{FAE04EC0-301F-11D3-BF4B-00C04F79EFBC}") = "CustomerService", "CustomerService\CustomerService.csproj", "{65EF687A-C5B9-4AB7-977D-AA8DB31BBC16}"
EndProject
Project("{FAE04EC0-301F-11D3-BF4B-00C04F79EFBC}") = "OrderService", "OrderService\OrderService.csproj", "{E9A30B6C-3319-4777-8048-50607D3D1654}"
EndProject
Project("{FAE04EC0-301F-11D3-BF4B-00C04F79EFBC}") = "Gateway", "Gateway\Gateway.csproj", "{F6FEA278-A7FC-42F1-A37C-72FE15AED1D0}"
EndProject
Project("{2150E333-8FDC-42A3-9474-1A3956D46DE8}") = "Solution Items", "Solution Items", "{8EC462FD-D22E-90A8-E5CE-7E832BA40C5D}"
	ProjectSection(SolutionItems) = preProject
		docker-compose.yml = docker-compose.yml
	EndProjectSection
EndProject
Global
	GlobalSection(SolutionConfigurationPlatforms) = preSolution
		Debug|Any CPU = Debug|Any CPU
		Release|Any CPU = Release|Any CPU
	EndGlobalSection
	GlobalSection(ProjectConfigurationPlatforms) = postSolution
		{DF1033D5-C1AC-4F35-B350-C1D832597476}.Debug|Any CPU.ActiveCfg = Debug|Any CPU
		{DF1033D5-C1AC-4F35-B350-C1D832597476}.Debug|Any CPU.Build.0 = Debug|Any CPU
		{DF1033D5-C1AC-4F35-B350-C1D832597476}.Release|Any CPU.ActiveCfg = Release|Any CPU
		{DF1033D5-C1AC-4F35-B350-C1D832597476}.Release|Any CPU.Build.0 = Release|Any CPU
		{65EF687A-C5B9-4AB7-977D-AA8DB31BBC16}.Debug|Any CPU.ActiveCfg = Debug|Any CPU
		{65EF687A-C5B9-4AB7-977D-AA8DB31BBC16}.Debug|Any CPU.Build.0 = Debug|Any CPU
		{65EF687A-C5B9-4AB7-977D-AA8DB31BBC16}.Release|Any CPU.ActiveCfg = Release|Any CPU
		{65EF687A-C5B9-4AB7-977D-AA8DB31BBC16}.Release|Any CPU.Build.0 = Release|Any CPU
		{E9A30B6C-3319-4777-8048-50607D3D1654}.Debug|Any CPU.ActiveCfg = Debug|Any CPU
		{E9A30B6C-3319-4777-8048-50607D3D1654}.Debug|Any CPU.Build.0 = Debug|Any CPU
		{E9A30B6C-3319-4777-8048-50607D3D1654}.Release|Any CPU.ActiveCfg = Release|Any CPU
		{E9A30B6C-3319-4777-8048-50607D3D1654}.Release|Any CPU.Build.0 = Release|Any CPU
		{F6FEA278-A7FC-42F1-A37C-72FE15AED1D0}.Debug|Any CPU.ActiveCfg = Debug|Any CPU
		{F6FEA278-A7FC-42F1-A37C-72FE15AED1D0}.Debug|Any CPU.Build.0 = Debug|Any CPU
		{F6FEA278-A7FC-42F1-A37C-72FE15AED1D0}.Release|Any CPU.ActiveCfg = Release|Any CPU
		{F6FEA278-A7FC-42F1-A37C-72FE15AED1D0}.Release|Any CPU.Build.0 = Release|Any CPU
	EndGlobalSection
	GlobalSection(SolutionProperties) = preSolution
		HideSolutionNode = FALSE
	EndGlobalSection
	GlobalSection(ExtensibilityGlobals) = postSolution
		SolutionGuid = {297E3ABB-1439-4F91-9350-A2451C8C393C}
	EndGlobalSection
EndGlobal
