
Microsoft Visual Studio Solution File, Format Version 12.00
# Visual Studio Version 17
VisualStudioVersion = 17.14.36623.8
MinimumVisualStudioVersion = 10.0.40219.1
Project("{FAE04EC0-301F-11D3-BF4B-00C04F79EFBC}") = "Gateway", "Gateway\Gateway.csproj", "{82F2508E-20DC-4194-923C-AE452FEB9355}"
EndProject
Project("{FAE04EC0-301F-11D3-BF4B-00C04F79EFBC}") = "ProductService", "ProductService\ProductService.csproj", "{AF0C1F13-5C61-4A9C-8B4B-1C37A2B04229}"
EndProject
Project("{FAE04EC0-301F-11D3-BF4B-00C04F79EFBC}") = "CustomerService", "CustomerService\CustomerService.csproj", "{1A729188-05FC-4389-957F-096DCB309878}"
EndProject
Project("{FAE04EC0-301F-11D3-BF4B-00C04F79EFBC}") = "OrderService", "OrderService\OrderService.csproj", "{57C071D6-08A1-4342-A492-D1C76D37A1B7}"
EndProject
Project("{E53339B2-1760-4266-BCC7-CA923CBCF16C}") = "docker-compose", "docker-compose.dcproj", "{81DDED9D-158B-E303-5F62-77A2896D2A5A}"
EndProject
Global
	GlobalSection(SolutionConfigurationPlatforms) = preSolution
		Debug|Any CPU = Debug|Any CPU
		Release|Any CPU = Release|Any CPU
	EndGlobalSection
	GlobalSection(ProjectConfigurationPlatforms) = postSolution
		{82F2508E-20DC-4194-923C-AE452FEB9355}.Debug|Any CPU.ActiveCfg = Debug|Any CPU
		{82F2508E-20DC-4194-923C-AE452FEB9355}.Debug|Any CPU.Build.0 = Debug|Any CPU
		{82F2508E-20DC-4194-923C-AE452FEB9355}.Release|Any CPU.ActiveCfg = Release|Any CPU
		{82F2508E-20DC-4194-923C-AE452FEB9355}.Release|Any CPU.Build.0 = Release|Any CPU
		{AF0C1F13-5C61-4A9C-8B4B-1C37A2B04229}.Debug|Any CPU.ActiveCfg = Debug|Any CPU
		{AF0C1F13-5C61-4A9C-8B4B-1C37A2B04229}.Debug|Any CPU.Build.0 = Debug|Any CPU
		{AF0C1F13-5C61-4A9C-8B4B-1C37A2B04229}.Release|Any CPU.ActiveCfg = Release|Any CPU
		{AF0C1F13-5C61-4A9C-8B4B-1C37A2B04229}.Release|Any CPU.Build.0 = Release|Any CPU
		{1A729188-05FC-4389-957F-096DCB309878}.Debug|Any CPU.ActiveCfg = Debug|Any CPU
		{1A729188-05FC-4389-957F-096DCB309878}.Debug|Any CPU.Build.0 = Debug|Any CPU
		{1A729188-05FC-4389-957F-096DCB309878}.Release|Any CPU.ActiveCfg = Release|Any CPU
		{1A729188-05FC-4389-957F-096DCB309878}.Release|Any CPU.Build.0 = Release|Any CPU
		{57C071D6-08A1-4342-A492-D1C76D37A1B7}.Debug|Any CPU.ActiveCfg = Debug|Any CPU
		{57C071D6-08A1-4342-A492-D1C76D37A1B7}.Debug|Any CPU.Build.0 = Debug|Any CPU
		{57C071D6-08A1-4342-A492-D1C76D37A1B7}.Release|Any CPU.ActiveCfg = Release|Any CPU
		{57C071D6-08A1-4342-A492-D1C76D37A1B7}.Release|Any CPU.Build.0 = Release|Any CPU
		{81DDED9D-158B-E303-5F62-77A2896D2A5A}.Debug|Any CPU.ActiveCfg = Debug|Any CPU
		{81DDED9D-158B-E303-5F62-77A2896D2A5A}.Debug|Any CPU.Build.0 = Debug|Any CPU
		{81DDED9D-158B-E303-5F62-77A2896D2A5A}.Release|Any CPU.ActiveCfg = Release|Any CPU
		{81DDED9D-158B-E303-5F62-77A2896D2A5A}.Release|Any CPU.Build.0 = Release|Any CPU
	EndGlobalSection
	GlobalSection(SolutionProperties) = preSolution
		HideSolutionNode = FALSE
	EndGlobalSection
	GlobalSection(ExtensibilityGlobals) = postSolution
		SolutionGuid = {2BD74B4C-8AD8-4B43-893D-A3A9F16B3CCF}
	EndGlobalSection
EndGlobal
