
Microsoft Visual Studio Solution File, Format Version 12.00
# Visual Studio Version 17
VisualStudioVersion = 17.0.31903.59
MinimumVisualStudioVersion = 10.0.40219.1
Project("{FAE04EC0-301F-11D3-BF4B-00C04F79EFBC}") = "ProductService", "ProductService\ProductService.csproj", "{1824DC87-669C-421B-AE63-992905A824C1}"
EndProject
Project("{FAE04EC0-301F-11D3-BF4B-00C04F79EFBC}") = "CustomerService", "CustomerService\CustomerService.csproj", "{DC661805-4A41-4DC9-A698-FD552EC1ACFD}"
EndProject
Project("{FAE04EC0-301F-11D3-BF4B-00C04F79EFBC}") = "OrderService", "OrderService\OrderService.csproj", "{5006674F-425B-4F5E-B485-6B761A22D110}"
EndProject
Project("{FAE04EC0-301F-11D3-BF4B-00C04F79EFBC}") = "Gateway", "Gateway\Gateway.csproj", "{E51D8789-F063-415C-A91B-299D2AF02FDC}"
EndProject
Global
	GlobalSection(SolutionConfigurationPlatforms) = preSolution
		Debug|Any CPU = Debug|Any CPU
		Debug|x64 = Debug|x64
		Debug|x86 = Debug|x86
		Release|Any CPU = Release|Any CPU
		Release|x64 = Release|x64
		Release|x86 = Release|x86
	EndGlobalSection
	GlobalSection(ProjectConfigurationPlatforms) = postSolution
		{1824DC87-669C-421B-AE63-992905A824C1}.Debug|Any CPU.ActiveCfg = Debug|Any CPU
		{1824DC87-669C-421B-AE63-992905A824C1}.Debug|Any CPU.Build.0 = Debug|Any CPU
		{1824DC87-669C-421B-AE63-992905A824C1}.Debug|x64.ActiveCfg = Debug|Any CPU
		{1824DC87-669C-421B-AE63-992905A824C1}.Debug|x64.Build.0 = Debug|Any CPU
		{1824DC87-669C-421B-AE63-992905A824C1}.Debug|x86.ActiveCfg = Debug|Any CPU
		{1824DC87-669C-421B-AE63-992905A824C1}.Debug|x86.Build.0 = Debug|Any CPU
		{1824DC87-669C-421B-AE63-992905A824C1}.Release|Any CPU.ActiveCfg = Release|Any CPU
		{1824DC87-669C-421B-AE63-992905A824C1}.Release|Any CPU.Build.0 = Release|Any CPU
		{1824DC87-669C-421B-AE63-992905A824C1}.Release|x64.ActiveCfg = Release|Any CPU
		{1824DC87-669C-421B-AE63-992905A824C1}.Release|x64.Build.0 = Release|Any CPU
		{1824DC87-669C-421B-AE63-992905A824C1}.Release|x86.ActiveCfg = Release|Any CPU
		{1824DC87-669C-421B-AE63-992905A824C1}.Release|x86.Build.0 = Release|Any CPU
		{DC661805-4A41-4DC9-A698-FD552EC1ACFD}.Debug|Any CPU.ActiveCfg = Debug|Any CPU
		{DC661805-4A41-4DC9-A698-FD552EC1ACFD}.Debug|Any CPU.Build.0 = Debug|Any CPU
		{DC661805-4A41-4DC9-A698-FD552EC1ACFD}.Debug|x64.ActiveCfg = Debug|Any CPU
		{DC661805-4A41-4DC9-A698-FD552EC1ACFD}.Debug|x64.Build.0 = Debug|Any CPU
		{DC661805-4A41-4DC9-A698-FD552EC1ACFD}.Debug|x86.ActiveCfg = Debug|Any CPU
		{DC661805-4A41-4DC9-A698-FD552EC1ACFD}.Debug|x86.Build.0 = Debug|Any CPU
		{DC661805-4A41-4DC9-A698-FD552EC1ACFD}.Release|Any CPU.ActiveCfg = Release|Any CPU
		{DC661805-4A41-4DC9-A698-FD552EC1ACFD}.Release|Any CPU.Build.0 = Release|Any CPU
		{DC661805-4A41-4DC9-A698-FD552EC1ACFD}.Release|x64.ActiveCfg = Release|Any CPU
		{DC661805-4A41-4DC9-A698-FD552EC1ACFD}.Release|x64.Build.0 = Release|Any CPU
		{DC661805-4A41-4DC9-A698-FD552EC1ACFD}.Release|x86.ActiveCfg = Release|Any CPU
		{DC661805-4A41-4DC9-A698-FD552EC1ACFD}.Release|x86.Build.0 = Release|Any CPU
		{5006674F-425B-4F5E-B485-6B761A22D110}.Debug|Any CPU.ActiveCfg = Debug|Any CPU
		{5006674F-425B-4F5E-B485-6B761A22D110}.Debug|Any CPU.Build.0 = Debug|Any CPU
		{5006674F-425B-4F5E-B485-6B761A22D110}.Debug|x64.ActiveCfg = Debug|Any CPU
		{5006674F-425B-4F5E-B485-6B761A22D110}.Debug|x64.Build.0 = Debug|Any CPU
		{5006674F-425B-4F5E-B485-6B761A22D110}.Debug|x86.ActiveCfg = Debug|Any CPU
		{5006674F-425B-4F5E-B485-6B761A22D110}.Debug|x86.Build.0 = Debug|Any CPU
		{5006674F-425B-4F5E-B485-6B761A22D110}.Release|Any CPU.ActiveCfg = Release|Any CPU
		{5006674F-425B-4F5E-B485-6B761A22D110}.Release|Any CPU.Build.0 = Release|Any CPU
		{5006674F-425B-4F5E-B485-6B761A22D110}.Release|x64.ActiveCfg = Release|Any CPU
		{5006674F-425B-4F5E-B485-6B761A22D110}.Release|x64.Build.0 = Release|Any CPU
		{5006674F-425B-4F5E-B485-6B761A22D110}.Release|x86.ActiveCfg = Release|Any CPU
		{5006674F-425B-4F5E-B485-6B761A22D110}.Release|x86.Build.0 = Release|Any CPU
		{E51D8789-F063-415C-A91B-299D2AF02FDC}.Debug|Any CPU.ActiveCfg = Debug|Any CPU
		{E51D8789-F063-415C-A91B-299D2AF02FDC}.Debug|Any CPU.Build.0 = Debug|Any CPU
		{E51D8789-F063-415C-A91B-299D2AF02FDC}.Debug|x64.ActiveCfg = Debug|Any CPU
		{E51D8789-F063-415C-A91B-299D2AF02FDC}.Debug|x64.Build.0 = Debug|Any CPU
		{E51D8789-F063-415C-A91B-299D2AF02FDC}.Debug|x86.ActiveCfg = Debug|Any CPU
		{E51D8789-F063-415C-A91B-299D2AF02FDC}.Debug|x86.Build.0 = Debug|Any CPU
		{E51D8789-F063-415C-A91B-299D2AF02FDC}.Release|Any CPU.ActiveCfg = Release|Any CPU
		{E51D8789-F063-415C-A91B-299D2AF02FDC}.Release|Any CPU.Build.0 = Release|Any CPU
		{E51D8789-F063-415C-A91B-299D2AF02FDC}.Release|x64.ActiveCfg = Release|Any CPU
		{E51D8789-F063-415C-A91B-299D2AF02FDC}.Release|x64.Build.0 = Release|Any CPU
		{E51D8789-F063-415C-A91B-299D2AF02FDC}.Release|x86.ActiveCfg = Release|Any CPU
		{E51D8789-F063-415C-A91B-299D2AF02FDC}.Release|x86.Build.0 = Release|Any CPU
	EndGlobalSection
	GlobalSection(SolutionProperties) = preSolution
		HideSolutionNode = FALSE
	EndGlobalSection
EndGlobal
